
Microsoft Visual Studio Solution File, Format Version 12.00
# Visual Studio 15
Project("{FAE04EC0-301F-11D3-BF4B-00C04F79EFBC}") = "Assembly-CSharp", "Assembly-CSharp.csproj", "{C74EF614-16EF-242E-7627-CC2E60757D79}"
EndProject
Project("{FAE04EC0-301F-11D3-BF4B-00C04F79EFBC}") = "Assembly-CSharp-firstpass", "Assembly-CSharp-firstpass.csproj", "{4EEA2532-380B-5163-42C5-8F85AE8C2BEF}"
EndProject
Project("{FAE04EC0-301F-11D3-BF4B-00C04F79EFBC}") = "Assembly-CSharp-Editor", "Assembly-CSharp-Editor.csproj", "{58A2E134-E208-92DD-0224-452A826005F2}"
EndProject
Global
	GlobalSection(SolutionConfigurationPlatforms) = preSolution
		Debug|Any CPU = Debug|Any CPU
		Release|Any CPU = Release|Any CPU
	EndGlobalSection
	GlobalSection(ProjectConfigurationPlatforms) = postSolution
		{C74EF614-16EF-242E-7627-CC2E60757D79}.Debug|Any CPU.ActiveCfg = Debug|Any CPU
		{C74EF614-16EF-242E-7627-CC2E60757D79}.Debug|Any CPU.Build.0 = Debug|Any CPU
		{C74EF614-16EF-242E-7627-CC2E60757D79}.Release|Any CPU.ActiveCfg = Release|Any CPU
		{C74EF614-16EF-242E-7627-CC2E60757D79}.Release|Any CPU.Build.0 = Release|Any CPU
		{4EEA2532-380B-5163-42C5-8F85AE8C2BEF}.Debug|Any CPU.ActiveCfg = Debug|Any CPU
		{4EEA2532-380B-5163-42C5-8F85AE8C2BEF}.Debug|Any CPU.Build.0 = Debug|Any CPU
		{4EEA2532-380B-5163-42C5-8F85AE8C2BEF}.Release|Any CPU.ActiveCfg = Release|Any CPU
		{4EEA2532-380B-5163-42C5-8F85AE8C2BEF}.Release|Any CPU.Build.0 = Release|Any CPU
		{58A2E134-E208-92DD-0224-452A826005F2}.Debug|Any CPU.ActiveCfg = Debug|Any CPU
		{58A2E134-E208-92DD-0224-452A826005F2}.Debug|Any CPU.Build.0 = Debug|Any CPU
		{58A2E134-E208-92DD-0224-452A826005F2}.Release|Any CPU.ActiveCfg = Release|Any CPU
		{58A2E134-E208-92DD-0224-452A826005F2}.Release|Any CPU.Build.0 = Release|Any CPU
	EndGlobalSection
	GlobalSection(SolutionProperties) = preSolution
		HideSolutionNode = FALSE
	EndGlobalSection
EndGlobal
